<?xml version="1.0" encoding="utf-8"?>
<Project ToolsVersion="4.0" xmlns="http://schemas.microsoft.com/developer/msbuild/2003">
  <ItemGroup>
    <Filter Include="MySQL">
      <UniqueIdentifier>{7df067a4-894b-4c0e-96c4-4dba0f4e4ec0}</UniqueIdentifier>
    </Filter>
    <Filter Include="Server">
      <UniqueIdentifier>{ddfdaa79-e281-4350-855d-c16f27bf6a20}</UniqueIdentifier>
    </Filter>
    <Filter Include="Utility">
      <UniqueIdentifier>{4739d6e3-459c-4b79-952c-c0bd87adfa84}</UniqueIdentifier>
    </Filter>
  </ItemGroup>
  <ItemGroup>
    <ClInclude Include="Sources\Sugar.hpp" />
    <ClInclude Include="Sources\Handler.hpp" />
    <ClInclude Include="Sources\PCH.h" />
    <ClInclude Include="Sources\Utility\Settings.hpp">
      <Filter>Utility</Filter>
    </ClInclude>
    <ClInclude Include="Sources\Utility\Log.hpp">
      <Filter>Utility</Filter>
    </ClInclude>
    <ClInclude Include="Sources\Server\Connection.hpp">
      <Filter>Server</Filter>
    </ClInclude>
    <ClInclude Include="Sources\Server\Listener.hpp">
      <Filter>Server</Filter>
    </ClInclude>
    <ClInclude Include="Sources\MySQL\MySQL.hpp">
      <Filter>MySQL</Filter>
    </ClInclude>
  </ItemGroup>
  <ItemGroup>
    <ClCompile Include="Sources\Handler.cpp" />
    <ClCompile Include="Sources\PCH.cpp" />
    <ClCompile Include="Sources\Sugar.cpp" />
    <ClCompile Include="Sources\Utility\Log.cpp">
      <Filter>Utility</Filter>
    </ClCompile>
    <ClCompile Include="Sources\Utility\Settings.cpp">
      <Filter>Utility</Filter>
    </ClCompile>
    <ClCompile Include="Sources\Server\Listener.cpp">
      <Filter>Server</Filter>
    </ClCompile>
    <ClCompile Include="Sources\Server\Connection.cpp">
      <Filter>Server</Filter>
    </ClCompile>
    <ClCompile Include="Sources\MySQL\MySQL.cpp">
      <Filter>MySQL</Filter>
    </ClCompile>
  </ItemGroup>
</Project>