<?xml version="1.0" encoding="utf-8"?>
<Project ToolsVersion="4.0" xmlns="http://schemas.microsoft.com/developer/msbuild/2003">
  <ItemGroup>
    <ClCompile Include="sugar.cpp" />
    <ClCompile Include="pch.cpp" />
    <ClCompile Include="handler.cpp" />
    <ClCompile Include="settings.cpp" />
    <ClCompile Include="log.cpp" />
    <ClCompile Include="mysql\mysql.cpp">
      <Filter>MySQL</Filter>
    </ClCompile>
    <ClCompile Include="https\connection.cpp">
      <Filter>ServerSide</Filter>
    </ClCompile>
    <ClCompile Include="https\listener.cpp">
      <Filter>ServerSide</Filter>
    </ClCompile>
  </ItemGroup>
  <ItemGroup>
    <ClInclude Include="pch.h" />
    <ClInclude Include="handler.hpp" />
    <ClInclude Include="settings.hpp" />
    <ClInclude Include="log.hpp" />
    <ClInclude Include="sugar.hpp" />
    <ClInclude Include="mysql\mysql.hpp">
      <Filter>MySQL</Filter>
    </ClInclude>
    <ClInclude Include="https\connection.hpp">
      <Filter>ServerSide</Filter>
    </ClInclude>
    <ClInclude Include="https\listener.hpp">
      <Filter>ServerSide</Filter>
    </ClInclude>
  </ItemGroup>
  <ItemGroup>
    <Filter Include="MySQL">
      <UniqueIdentifier>{c0020559-0b60-4580-9784-9e699d0cf344}</UniqueIdentifier>
    </Filter>
    <Filter Include="ServerSide">
      <UniqueIdentifier>{a0b4bdc6-b471-4618-a32c-27934a6b9746}</UniqueIdentifier>
    </Filter>
  </ItemGroup>
</Project>